// !$*UTF8*$!
{
	archiveVersion = 1;
	classes = {
	};
	objectVersion = 50;
	objects = {

/* Begin PBXBuildFile section */
		E69410A22476D14B009F3665 /* AppState.swift in Sources */ = {isa = PBXBuildFile; fileRef = E69410A12476D14B009F3665 /* AppState.swift */; };
		E6C99F602476EAFE008EA101 /* Optional_Extensions.swift in Sources */ = {isa = PBXBuildFile; fileRef = E6C99F5F2476EAFE008EA101 /* Optional_Extensions.swift */; };
		E6C99F782476F5EB008EA101 /* PreferencesKey.swift in Sources */ = {isa = PBXBuildFile; fileRef = E6C99F632476F5EB008EA101 /* PreferencesKey.swift */; };
		E6C99F792476F5EB008EA101 /* Preferences.swift in Sources */ = {isa = PBXBuildFile; fileRef = E6C99F642476F5EB008EA101 /* Preferences.swift */; };
		E6C99F7A2476F5EB008EA101 /* UserDefaults+KeyValueStoring.swift in Sources */ = {isa = PBXBuildFile; fileRef = E6C99F652476F5EB008EA101 /* UserDefaults+KeyValueStoring.swift */; };
		E6C99F7B2476F5EB008EA101 /* NoSaveOptions.swift in Sources */ = {isa = PBXBuildFile; fileRef = E6C99F662476F5EB008EA101 /* NoSaveOptions.swift */; };
		E6C99F7C2476F5EB008EA101 /* Preferences+ValueRetrieval.swift in Sources */ = {isa = PBXBuildFile; fileRef = E6C99F672476F5EB008EA101 /* Preferences+ValueRetrieval.swift */; };
		E6C99F822476F5EB008EA101 /* KeyConvertible.swift in Sources */ = {isa = PBXBuildFile; fileRef = E6C99F6F2476F5EB008EA101 /* KeyConvertible.swift */; };
		E6C99F832476F5EB008EA101 /* KeyValueStoring+ValueRetrieval.swift in Sources */ = {isa = PBXBuildFile; fileRef = E6C99F702476F5EB008EA101 /* KeyValueStoring+ValueRetrieval.swift */; };
		E6C99F842476F5EB008EA101 /* KeyValueStoring+DeleteAll.swift in Sources */ = {isa = PBXBuildFile; fileRef = E6C99F712476F5EB008EA101 /* KeyValueStoring+DeleteAll.swift */; };
		E6C99F852476F5EB008EA101 /* AnyKeyValueStoring.swift in Sources */ = {isa = PBXBuildFile; fileRef = E6C99F722476F5EB008EA101 /* AnyKeyValueStoring.swift */; };
		E6C99F862476F5EB008EA101 /* KeyValueStoring.swift in Sources */ = {isa = PBXBuildFile; fileRef = E6C99F732476F5EB008EA101 /* KeyValueStoring.swift */; };
		E6C99F872476F5EB008EA101 /* SaveOptionConvertible.swift in Sources */ = {isa = PBXBuildFile; fileRef = E6C99F742476F5EB008EA101 /* SaveOptionConvertible.swift */; };
		E6C99F882476F5EB008EA101 /* KeyValueStoring+Codable.swift in Sources */ = {isa = PBXBuildFile; fileRef = E6C99F752476F5EB008EA101 /* KeyValueStoring+Codable.swift */; };
		E6C99F892476F5EB008EA101 /* KeyValueStoring+AnyKeyValueStoring.swift in Sources */ = {isa = PBXBuildFile; fileRef = E6C99F762476F5EB008EA101 /* KeyValueStoring+AnyKeyValueStoring.swift */; };
		E6C99F8A2476F5EB008EA101 /* KeyValueStore.swift in Sources */ = {isa = PBXBuildFile; fileRef = E6C99F772476F5EB008EA101 /* KeyValueStore.swift */; };
		E6C99F8D2476F8EC008EA101 /* View+Enabled.swift in Sources */ = {isa = PBXBuildFile; fileRef = E6C99F8C2476F8EC008EA101 /* View+Enabled.swift */; };
		E6C99F8F247710C0008EA101 /* Card.swift in Sources */ = {isa = PBXBuildFile; fileRef = E6C99F8E247710C0008EA101 /* Card.swift */; };
		E6C99F93247710FD008EA101 /* PlayerView.swift in Sources */ = {isa = PBXBuildFile; fileRef = E6C99F92247710FD008EA101 /* PlayerView.swift */; };
		E6CC8AED24768E2700D21278 /* AppDelegate.swift in Sources */ = {isa = PBXBuildFile; fileRef = E6CC8AEC24768E2700D21278 /* AppDelegate.swift */; };
		E6CC8AEF24768E2700D21278 /* CreateGameView.swift in Sources */ = {isa = PBXBuildFile; fileRef = E6CC8AEE24768E2700D21278 /* CreateGameView.swift */; };
		E6CC8AF124768E2800D21278 /* Assets.xcassets in Resources */ = {isa = PBXBuildFile; fileRef = E6CC8AF024768E2800D21278 /* Assets.xcassets */; };
		E6CC8AF424768E2800D21278 /* Preview Assets.xcassets in Resources */ = {isa = PBXBuildFile; fileRef = E6CC8AF324768E2800D21278 /* Preview Assets.xcassets */; };
		E6CC8AF724768E2800D21278 /* Main.storyboard in Resources */ = {isa = PBXBuildFile; fileRef = E6CC8AF524768E2800D21278 /* Main.storyboard */; };
		E6FEB67A2476BCDB00D3F17D /* Player.swift in Sources */ = {isa = PBXBuildFile; fileRef = E6FEB6792476BCDB00D3F17D /* Player.swift */; };
		E6FEB67C2476BCF700D3F17D /* Game.swift in Sources */ = {isa = PBXBuildFile; fileRef = E6FEB67B2476BCF700D3F17D /* Game.swift */; };
		E6FEB67E2476BD0C00D3F17D /* GameView.swift in Sources */ = {isa = PBXBuildFile; fileRef = E6FEB67D2476BD0C00D3F17D /* GameView.swift */; };
		E6FEB6802476BD2000D3F17D /* Identifier.swift in Sources */ = {isa = PBXBuildFile; fileRef = E6FEB67F2476BD2000D3F17D /* Identifier.swift */; };
/* End PBXBuildFile section */

/* Begin PBXFileReference section */
		E69410A12476D14B009F3665 /* AppState.swift */ = {isa = PBXFileReference; lastKnownFileType = sourcecode.swift; path = AppState.swift; sourceTree = "<group>"; };
		E6C99F5F2476EAFE008EA101 /* Optional_Extensions.swift */ = {isa = PBXFileReference; lastKnownFileType = sourcecode.swift; path = Optional_Extensions.swift; sourceTree = "<group>"; };
		E6C99F632476F5EB008EA101 /* PreferencesKey.swift */ = {isa = PBXFileReference; fileEncoding = 4; lastKnownFileType = sourcecode.swift; path = PreferencesKey.swift; sourceTree = "<group>"; };
		E6C99F642476F5EB008EA101 /* Preferences.swift */ = {isa = PBXFileReference; fileEncoding = 4; lastKnownFileType = sourcecode.swift; path = Preferences.swift; sourceTree = "<group>"; };
		E6C99F652476F5EB008EA101 /* UserDefaults+KeyValueStoring.swift */ = {isa = PBXFileReference; fileEncoding = 4; lastKnownFileType = sourcecode.swift; path = "UserDefaults+KeyValueStoring.swift"; sourceTree = "<group>"; };
		E6C99F662476F5EB008EA101 /* NoSaveOptions.swift */ = {isa = PBXFileReference; fileEncoding = 4; lastKnownFileType = sourcecode.swift; path = NoSaveOptions.swift; sourceTree = "<group>"; };
		E6C99F672476F5EB008EA101 /* Preferences+ValueRetrieval.swift */ = {isa = PBXFileReference; fileEncoding = 4; lastKnownFileType = sourcecode.swift; path = "Preferences+ValueRetrieval.swift"; sourceTree = "<group>"; };
		E6C99F6F2476F5EB008EA101 /* KeyConvertible.swift */ = {isa = PBXFileReference; fileEncoding = 4; lastKnownFileType = sourcecode.swift; path = KeyConvertible.swift; sourceTree = "<group>"; };
		E6C99F702476F5EB008EA101 /* KeyValueStoring+ValueRetrieval.swift */ = {isa = PBXFileReference; fileEncoding = 4; lastKnownFileType = sourcecode.swift; path = "KeyValueStoring+ValueRetrieval.swift"; sourceTree = "<group>"; };
		E6C99F712476F5EB008EA101 /* KeyValueStoring+DeleteAll.swift */ = {isa = PBXFileReference; fileEncoding = 4; lastKnownFileType = sourcecode.swift; path = "KeyValueStoring+DeleteAll.swift"; sourceTree = "<group>"; };
		E6C99F722476F5EB008EA101 /* AnyKeyValueStoring.swift */ = {isa = PBXFileReference; fileEncoding = 4; lastKnownFileType = sourcecode.swift; path = AnyKeyValueStoring.swift; sourceTree = "<group>"; };
		E6C99F732476F5EB008EA101 /* KeyValueStoring.swift */ = {isa = PBXFileReference; fileEncoding = 4; lastKnownFileType = sourcecode.swift; path = KeyValueStoring.swift; sourceTree = "<group>"; };
		E6C99F742476F5EB008EA101 /* SaveOptionConvertible.swift */ = {isa = PBXFileReference; fileEncoding = 4; lastKnownFileType = sourcecode.swift; path = SaveOptionConvertible.swift; sourceTree = "<group>"; };
		E6C99F752476F5EB008EA101 /* KeyValueStoring+Codable.swift */ = {isa = PBXFileReference; fileEncoding = 4; lastKnownFileType = sourcecode.swift; path = "KeyValueStoring+Codable.swift"; sourceTree = "<group>"; };
		E6C99F762476F5EB008EA101 /* KeyValueStoring+AnyKeyValueStoring.swift */ = {isa = PBXFileReference; fileEncoding = 4; lastKnownFileType = sourcecode.swift; path = "KeyValueStoring+AnyKeyValueStoring.swift"; sourceTree = "<group>"; };
		E6C99F772476F5EB008EA101 /* KeyValueStore.swift */ = {isa = PBXFileReference; fileEncoding = 4; lastKnownFileType = sourcecode.swift; path = KeyValueStore.swift; sourceTree = "<group>"; };
		E6C99F8C2476F8EC008EA101 /* View+Enabled.swift */ = {isa = PBXFileReference; lastKnownFileType = sourcecode.swift; path = "View+Enabled.swift"; sourceTree = "<group>"; };
		E6C99F8E247710C0008EA101 /* Card.swift */ = {isa = PBXFileReference; lastKnownFileType = sourcecode.swift; path = Card.swift; sourceTree = "<group>"; };
		E6C99F92247710FD008EA101 /* PlayerView.swift */ = {isa = PBXFileReference; lastKnownFileType = sourcecode.swift; path = PlayerView.swift; sourceTree = "<group>"; };
		E6CC8AE924768E2600D21278 /* CardsAgainstHumanity.app */ = {isa = PBXFileReference; explicitFileType = wrapper.application; includeInIndex = 0; path = CardsAgainstHumanity.app; sourceTree = BUILT_PRODUCTS_DIR; };
		E6CC8AEC24768E2700D21278 /* AppDelegate.swift */ = {isa = PBXFileReference; lastKnownFileType = sourcecode.swift; path = AppDelegate.swift; sourceTree = "<group>"; };
		E6CC8AEE24768E2700D21278 /* CreateGameView.swift */ = {isa = PBXFileReference; lastKnownFileType = sourcecode.swift; path = CreateGameView.swift; sourceTree = "<group>"; };
		E6CC8AF024768E2800D21278 /* Assets.xcassets */ = {isa = PBXFileReference; lastKnownFileType = folder.assetcatalog; path = Assets.xcassets; sourceTree = "<group>"; };
		E6CC8AF324768E2800D21278 /* Preview Assets.xcassets */ = {isa = PBXFileReference; lastKnownFileType = folder.assetcatalog; path = "Preview Assets.xcassets"; sourceTree = "<group>"; };
		E6CC8AF624768E2800D21278 /* Base */ = {isa = PBXFileReference; lastKnownFileType = file.storyboard; name = Base; path = Base.lproj/Main.storyboard; sourceTree = "<group>"; };
		E6CC8AF824768E2800D21278 /* Info.plist */ = {isa = PBXFileReference; lastKnownFileType = text.plist.xml; path = Info.plist; sourceTree = "<group>"; };
		E6CC8AF924768E2800D21278 /* CardsAgainstHumanity.entitlements */ = {isa = PBXFileReference; lastKnownFileType = text.plist.entitlements; path = CardsAgainstHumanity.entitlements; sourceTree = "<group>"; };
		E6FEB6792476BCDB00D3F17D /* Player.swift */ = {isa = PBXFileReference; lastKnownFileType = sourcecode.swift; path = Player.swift; sourceTree = "<group>"; };
		E6FEB67B2476BCF700D3F17D /* Game.swift */ = {isa = PBXFileReference; lastKnownFileType = sourcecode.swift; path = Game.swift; sourceTree = "<group>"; };
		E6FEB67D2476BD0C00D3F17D /* GameView.swift */ = {isa = PBXFileReference; lastKnownFileType = sourcecode.swift; path = GameView.swift; sourceTree = "<group>"; };
		E6FEB67F2476BD2000D3F17D /* Identifier.swift */ = {isa = PBXFileReference; lastKnownFileType = sourcecode.swift; path = Identifier.swift; sourceTree = "<group>"; };
/* End PBXFileReference section */

/* Begin PBXFrameworksBuildPhase section */
		E6CC8AE624768E2600D21278 /* Frameworks */ = {
			isa = PBXFrameworksBuildPhase;
			buildActionMask = 2147483647;
			files = (
			);
			runOnlyForDeploymentPostprocessing = 0;
		};
/* End PBXFrameworksBuildPhase section */

/* Begin PBXGroup section */
		E6C99F5E2476EAEA008EA101 /* Extensions */ = {
			isa = PBXGroup;
			children = (
				E6C99F5F2476EAFE008EA101 /* Optional_Extensions.swift */,
			);
			path = Extensions;
			sourceTree = "<group>";
		};
		E6C99F612476F5EB008EA101 /* DataStore */ = {
			isa = PBXGroup;
			children = (
				E6C99F622476F5EB008EA101 /* Preferences */,
				E6C99F6E2476F5EB008EA101 /* KeyValueStoring */,
				E6C99F772476F5EB008EA101 /* KeyValueStore.swift */,
			);
			path = DataStore;
			sourceTree = "<group>";
		};
		E6C99F622476F5EB008EA101 /* Preferences */ = {
			isa = PBXGroup;
			children = (
				E6C99F632476F5EB008EA101 /* PreferencesKey.swift */,
				E6C99F642476F5EB008EA101 /* Preferences.swift */,
				E6C99F652476F5EB008EA101 /* UserDefaults+KeyValueStoring.swift */,
				E6C99F662476F5EB008EA101 /* NoSaveOptions.swift */,
				E6C99F672476F5EB008EA101 /* Preferences+ValueRetrieval.swift */,
			);
			path = Preferences;
			sourceTree = "<group>";
		};
		E6C99F6E2476F5EB008EA101 /* KeyValueStoring */ = {
			isa = PBXGroup;
			children = (
				E6C99F6F2476F5EB008EA101 /* KeyConvertible.swift */,
				E6C99F702476F5EB008EA101 /* KeyValueStoring+ValueRetrieval.swift */,
				E6C99F712476F5EB008EA101 /* KeyValueStoring+DeleteAll.swift */,
				E6C99F722476F5EB008EA101 /* AnyKeyValueStoring.swift */,
				E6C99F732476F5EB008EA101 /* KeyValueStoring.swift */,
				E6C99F742476F5EB008EA101 /* SaveOptionConvertible.swift */,
				E6C99F752476F5EB008EA101 /* KeyValueStoring+Codable.swift */,
				E6C99F762476F5EB008EA101 /* KeyValueStoring+AnyKeyValueStoring.swift */,
			);
			path = KeyValueStoring;
			sourceTree = "<group>";
		};
		E6C99F8B2476F8C0008EA101 /* ViewModifiers */ = {
			isa = PBXGroup;
			children = (
				E6C99F8C2476F8EC008EA101 /* View+Enabled.swift */,
			);
			path = ViewModifiers;
			sourceTree = "<group>";
		};
		E6C99F90247710E9008EA101 /* Scenes */ = {
			isa = PBXGroup;
			children = (
				E6CC8AEE24768E2700D21278 /* CreateGameView.swift */,
				E6FEB67D2476BD0C00D3F17D /* GameView.swift */,
			);
			path = Scenes;
			sourceTree = "<group>";
		};
		E6C99F91247710EF008EA101 /* Subviews */ = {
			isa = PBXGroup;
			children = (
				E6C99F92247710FD008EA101 /* PlayerView.swift */,
			);
			path = Subviews;
			sourceTree = "<group>";
		};
		E6CC8AE024768E2600D21278 = {
			isa = PBXGroup;
			children = (
				E6CC8AEB24768E2600D21278 /* CardsAgainstHumanity */,
				E6CC8AEA24768E2600D21278 /* Products */,
			);
			sourceTree = "<group>";
		};
		E6CC8AEA24768E2600D21278 /* Products */ = {
			isa = PBXGroup;
			children = (
				E6CC8AE924768E2600D21278 /* CardsAgainstHumanity.app */,
			);
			name = Products;
			sourceTree = "<group>";
		};
		E6CC8AEB24768E2600D21278 /* CardsAgainstHumanity */ = {
			isa = PBXGroup;
			children = (
				E6C99F8B2476F8C0008EA101 /* ViewModifiers */,
				E6C99F612476F5EB008EA101 /* DataStore */,
				E6C99F5E2476EAEA008EA101 /* Extensions */,
				E6FEB6762476BCBA00D3F17D /* Game */,
				E6CC8AEC24768E2700D21278 /* AppDelegate.swift */,
				E6CC8AF024768E2800D21278 /* Assets.xcassets */,
				E6CC8AF524768E2800D21278 /* Main.storyboard */,
				E6CC8AF824768E2800D21278 /* Info.plist */,
				E6CC8AF924768E2800D21278 /* CardsAgainstHumanity.entitlements */,
				E6CC8AF224768E2800D21278 /* Preview Content */,
			);
			path = CardsAgainstHumanity;
			sourceTree = "<group>";
		};
		E6CC8AF224768E2800D21278 /* Preview Content */ = {
			isa = PBXGroup;
			children = (
				E6CC8AF324768E2800D21278 /* Preview Assets.xcassets */,
			);
			path = "Preview Content";
			sourceTree = "<group>";
		};
		E6FEB6762476BCBA00D3F17D /* Game */ = {
			isa = PBXGroup;
			children = (
				E6FEB6782476BCC600D3F17D /* Models */,
				E6FEB6772476BCC200D3F17D /* Views */,
			);
			path = Game;
			sourceTree = "<group>";
		};
		E6FEB6772476BCC200D3F17D /* Views */ = {
			isa = PBXGroup;
			children = (
				E6C99F91247710EF008EA101 /* Subviews */,
				E6C99F90247710E9008EA101 /* Scenes */,
			);
			path = Views;
			sourceTree = "<group>";
		};
		E6FEB6782476BCC600D3F17D /* Models */ = {
			isa = PBXGroup;
			children = (
				E6FEB6792476BCDB00D3F17D /* Player.swift */,
				E6FEB67B2476BCF700D3F17D /* Game.swift */,
				E6C99F8E247710C0008EA101 /* Card.swift */,
				E6FEB67F2476BD2000D3F17D /* Identifier.swift */,
				E69410A12476D14B009F3665 /* AppState.swift */,
			);
			path = Models;
			sourceTree = "<group>";
		};
/* End PBXGroup section */

/* Begin PBXNativeTarget section */
		E6CC8AE824768E2600D21278 /* CardsAgainstHumanity */ = {
			isa = PBXNativeTarget;
			buildConfigurationList = E6CC8AFC24768E2800D21278 /* Build configuration list for PBXNativeTarget "CardsAgainstHumanity" */;
			buildPhases = (
				E6CC8AE524768E2600D21278 /* Sources */,
				E6CC8AE624768E2600D21278 /* Frameworks */,
				E6CC8AE724768E2600D21278 /* Resources */,
			);
			buildRules = (
			);
			dependencies = (
			);
			name = CardsAgainstHumanity;
			productName = CardsAgainstHumanity;
			productReference = E6CC8AE924768E2600D21278 /* CardsAgainstHumanity.app */;
			productType = "com.apple.product-type.application";
		};
/* End PBXNativeTarget section */

/* Begin PBXProject section */
		E6CC8AE124768E2600D21278 /* Project object */ = {
			isa = PBXProject;
			attributes = {
				LastSwiftUpdateCheck = 1150;
				LastUpgradeCheck = 1150;
				ORGANIZATIONNAME = Cyon;
				TargetAttributes = {
					E6CC8AE824768E2600D21278 = {
						CreatedOnToolsVersion = 11.5;
					};
				};
			};
			buildConfigurationList = E6CC8AE424768E2600D21278 /* Build configuration list for PBXProject "CardsAgainstHumanity" */;
			compatibilityVersion = "Xcode 9.3";
			developmentRegion = en;
			hasScannedForEncodings = 0;
			knownRegions = (
				en,
				Base,
			);
			mainGroup = E6CC8AE024768E2600D21278;
			productRefGroup = E6CC8AEA24768E2600D21278 /* Products */;
			projectDirPath = "";
			projectRoot = "";
			targets = (
				E6CC8AE824768E2600D21278 /* CardsAgainstHumanity */,
			);
		};
/* End PBXProject section */

/* Begin PBXResourcesBuildPhase section */
		E6CC8AE724768E2600D21278 /* Resources */ = {
			isa = PBXResourcesBuildPhase;
			buildActionMask = 2147483647;
			files = (
				E6CC8AF724768E2800D21278 /* Main.storyboard in Resources */,
				E6CC8AF424768E2800D21278 /* Preview Assets.xcassets in Resources */,
				E6CC8AF124768E2800D21278 /* Assets.xcassets in Resources */,
			);
			runOnlyForDeploymentPostprocessing = 0;
		};
/* End PBXResourcesBuildPhase section */

/* Begin PBXSourcesBuildPhase section */
		E6CC8AE524768E2600D21278 /* Sources */ = {
			isa = PBXSourcesBuildPhase;
			buildActionMask = 2147483647;
			files = (
				E6C99F832476F5EB008EA101 /* KeyValueStoring+ValueRetrieval.swift in Sources */,
				E6C99F8D2476F8EC008EA101 /* View+Enabled.swift in Sources */,
				E6CC8AEF24768E2700D21278 /* CreateGameView.swift in Sources */,
				E6C99F862476F5EB008EA101 /* KeyValueStoring.swift in Sources */,
				E6C99F602476EAFE008EA101 /* Optional_Extensions.swift in Sources */,
				E6C99F822476F5EB008EA101 /* KeyConvertible.swift in Sources */,
				E6C99F892476F5EB008EA101 /* KeyValueStoring+AnyKeyValueStoring.swift in Sources */,
				E6C99F8F247710C0008EA101 /* Card.swift in Sources */,
				E6C99F93247710FD008EA101 /* PlayerView.swift in Sources */,
				E6C99F8A2476F5EB008EA101 /* KeyValueStore.swift in Sources */,
				E6C99F792476F5EB008EA101 /* Preferences.swift in Sources */,
				E6C99F842476F5EB008EA101 /* KeyValueStoring+DeleteAll.swift in Sources */,
				E6C99F7C2476F5EB008EA101 /* Preferences+ValueRetrieval.swift in Sources */,
				E6C99F872476F5EB008EA101 /* SaveOptionConvertible.swift in Sources */,
				E6C99F7A2476F5EB008EA101 /* UserDefaults+KeyValueStoring.swift in Sources */,
				E6FEB67A2476BCDB00D3F17D /* Player.swift in Sources */,
				E69410A22476D14B009F3665 /* AppState.swift in Sources */,
				E6C99F852476F5EB008EA101 /* AnyKeyValueStoring.swift in Sources */,
				E6C99F782476F5EB008EA101 /* PreferencesKey.swift in Sources */,
				E6CC8AED24768E2700D21278 /* AppDelegate.swift in Sources */,
				E6C99F882476F5EB008EA101 /* KeyValueStoring+Codable.swift in Sources */,
				E6FEB67C2476BCF700D3F17D /* Game.swift in Sources */,
				E6FEB6802476BD2000D3F17D /* Identifier.swift in Sources */,
				E6C99F7B2476F5EB008EA101 /* NoSaveOptions.swift in Sources */,
				E6FEB67E2476BD0C00D3F17D /* GameView.swift in Sources */,
			);
			runOnlyForDeploymentPostprocessing = 0;
		};
/* End PBXSourcesBuildPhase section */

/* Begin PBXVariantGroup section */
		E6CC8AF524768E2800D21278 /* Main.storyboard */ = {
			isa = PBXVariantGroup;
			children = (
				E6CC8AF624768E2800D21278 /* Base */,
			);
			name = Main.storyboard;
			sourceTree = "<group>";
		};
/* End PBXVariantGroup section */

/* Begin XCBuildConfiguration section */
		E6CC8AFA24768E2800D21278 /* Debug */ = {
			isa = XCBuildConfiguration;
			buildSettings = {
				ALWAYS_SEARCH_USER_PATHS = NO;
				CLANG_ANALYZER_NONNULL = YES;
				CLANG_ANALYZER_NUMBER_OBJECT_CONVERSION = YES_AGGRESSIVE;
				CLANG_CXX_LANGUAGE_STANDARD = "gnu++14";
				CLANG_CXX_LIBRARY = "libc++";
				CLANG_ENABLE_MODULES = YES;
				CLANG_ENABLE_OBJC_ARC = YES;
				CLANG_ENABLE_OBJC_WEAK = YES;
				CLANG_WARN_BLOCK_CAPTURE_AUTORELEASING = YES;
				CLANG_WARN_BOOL_CONVERSION = YES;
				CLANG_WARN_COMMA = YES;
				CLANG_WARN_CONSTANT_CONVERSION = YES;
				CLANG_WARN_DEPRECATED_OBJC_IMPLEMENTATIONS = YES;
				CLANG_WARN_DIRECT_OBJC_ISA_USAGE = YES_ERROR;
				CLANG_WARN_DOCUMENTATION_COMMENTS = YES;
				CLANG_WARN_EMPTY_BODY = YES;
				CLANG_WARN_ENUM_CONVERSION = YES;
				CLANG_WARN_INFINITE_RECURSION = YES;
				CLANG_WARN_INT_CONVERSION = YES;
				CLANG_WARN_NON_LITERAL_NULL_CONVERSION = YES;
				CLANG_WARN_OBJC_IMPLICIT_RETAIN_SELF = YES;
				CLANG_WARN_OBJC_LITERAL_CONVERSION = YES;
				CLANG_WARN_OBJC_ROOT_CLASS = YES_ERROR;
				CLANG_WARN_RANGE_LOOP_ANALYSIS = YES;
				CLANG_WARN_STRICT_PROTOTYPES = YES;
				CLANG_WARN_SUSPICIOUS_MOVE = YES;
				CLANG_WARN_UNGUARDED_AVAILABILITY = YES_AGGRESSIVE;
				CLANG_WARN_UNREACHABLE_CODE = YES;
				CLANG_WARN__DUPLICATE_METHOD_MATCH = YES;
				COPY_PHASE_STRIP = NO;
				DEBUG_INFORMATION_FORMAT = dwarf;
				ENABLE_STRICT_OBJC_MSGSEND = YES;
				ENABLE_TESTABILITY = YES;
				GCC_C_LANGUAGE_STANDARD = gnu11;
				GCC_DYNAMIC_NO_PIC = NO;
				GCC_NO_COMMON_BLOCKS = YES;
				GCC_OPTIMIZATION_LEVEL = 0;
				GCC_PREPROCESSOR_DEFINITIONS = (
					"DEBUG=1",
					"$(inherited)",
				);
				GCC_WARN_64_TO_32_BIT_CONVERSION = YES;
				GCC_WARN_ABOUT_RETURN_TYPE = YES_ERROR;
				GCC_WARN_UNDECLARED_SELECTOR = YES;
				GCC_WARN_UNINITIALIZED_AUTOS = YES_AGGRESSIVE;
				GCC_WARN_UNUSED_FUNCTION = YES;
				GCC_WARN_UNUSED_VARIABLE = YES;
				MACOSX_DEPLOYMENT_TARGET = 10.15;
				MTL_ENABLE_DEBUG_INFO = INCLUDE_SOURCE;
				MTL_FAST_MATH = YES;
				ONLY_ACTIVE_ARCH = YES;
				SDKROOT = macosx;
				SWIFT_ACTIVE_COMPILATION_CONDITIONS = DEBUG;
				SWIFT_OPTIMIZATION_LEVEL = "-Onone";
			};
			name = Debug;
		};
		E6CC8AFB24768E2800D21278 /* Release */ = {
			isa = XCBuildConfiguration;
			buildSettings = {
				ALWAYS_SEARCH_USER_PATHS = NO;
				CLANG_ANALYZER_NONNULL = YES;
				CLANG_ANALYZER_NUMBER_OBJECT_CONVERSION = YES_AGGRESSIVE;
				CLANG_CXX_LANGUAGE_STANDARD = "gnu++14";
				CLANG_CXX_LIBRARY = "libc++";
				CLANG_ENABLE_MODULES = YES;
				CLANG_ENABLE_OBJC_ARC = YES;
				CLANG_ENABLE_OBJC_WEAK = YES;
				CLANG_WARN_BLOCK_CAPTURE_AUTORELEASING = YES;
				CLANG_WARN_BOOL_CONVERSION = YES;
				CLANG_WARN_COMMA = YES;
				CLANG_WARN_CONSTANT_CONVERSION = YES;
				CLANG_WARN_DEPRECATED_OBJC_IMPLEMENTATIONS = YES;
				CLANG_WARN_DIRECT_OBJC_ISA_USAGE = YES_ERROR;
				CLANG_WARN_DOCUMENTATION_COMMENTS = YES;
				CLANG_WARN_EMPTY_BODY = YES;
				CLANG_WARN_ENUM_CONVERSION = YES;
				CLANG_WARN_INFINITE_RECURSION = YES;
				CLANG_WARN_INT_CONVERSION = YES;
				CLANG_WARN_NON_LITERAL_NULL_CONVERSION = YES;
				CLANG_WARN_OBJC_IMPLICIT_RETAIN_SELF = YES;
				CLANG_WARN_OBJC_LITERAL_CONVERSION = YES;
				CLANG_WARN_OBJC_ROOT_CLASS = YES_ERROR;
				CLANG_WARN_RANGE_LOOP_ANALYSIS = YES;
				CLANG_WARN_STRICT_PROTOTYPES = YES;
				CLANG_WARN_SUSPICIOUS_MOVE = YES;
				CLANG_WARN_UNGUARDED_AVAILABILITY = YES_AGGRESSIVE;
				CLANG_WARN_UNREACHABLE_CODE = YES;
				CLANG_WARN__DUPLICATE_METHOD_MATCH = YES;
				COPY_PHASE_STRIP = NO;
				DEBUG_INFORMATION_FORMAT = "dwarf-with-dsym";
				ENABLE_NS_ASSERTIONS = NO;
				ENABLE_STRICT_OBJC_MSGSEND = YES;
				GCC_C_LANGUAGE_STANDARD = gnu11;
				GCC_NO_COMMON_BLOCKS = YES;
				GCC_WARN_64_TO_32_BIT_CONVERSION = YES;
				GCC_WARN_ABOUT_RETURN_TYPE = YES_ERROR;
				GCC_WARN_UNDECLARED_SELECTOR = YES;
				GCC_WARN_UNINITIALIZED_AUTOS = YES_AGGRESSIVE;
				GCC_WARN_UNUSED_FUNCTION = YES;
				GCC_WARN_UNUSED_VARIABLE = YES;
				MACOSX_DEPLOYMENT_TARGET = 10.15;
				MTL_ENABLE_DEBUG_INFO = NO;
				MTL_FAST_MATH = YES;
				SDKROOT = macosx;
				SWIFT_COMPILATION_MODE = wholemodule;
				SWIFT_OPTIMIZATION_LEVEL = "-O";
			};
			name = Release;
		};
		E6CC8AFD24768E2800D21278 /* Debug */ = {
			isa = XCBuildConfiguration;
			buildSettings = {
				ASSETCATALOG_COMPILER_APPICON_NAME = AppIcon;
				CODE_SIGN_ENTITLEMENTS = CardsAgainstHumanity/CardsAgainstHumanity.entitlements;
				CODE_SIGN_STYLE = Automatic;
				COMBINE_HIDPI_IMAGES = YES;
				DEVELOPMENT_ASSET_PATHS = "\"CardsAgainstHumanity/Preview Content\"";
				ENABLE_PREVIEWS = YES;
				INFOPLIST_FILE = CardsAgainstHumanity/Info.plist;
				LD_RUNPATH_SEARCH_PATHS = (
					"$(inherited)",
					"@executable_path/../Frameworks",
				);
				MACOSX_DEPLOYMENT_TARGET = 10.15;
				PRODUCT_BUNDLE_IDENTIFIER = com.radixdlt.CardsAgainstHumanity;
				PRODUCT_NAME = "$(TARGET_NAME)";
				SWIFT_VERSION = 5.0;
			};
			name = Debug;
		};
		E6CC8AFE24768E2800D21278 /* Release */ = {
			isa = XCBuildConfiguration;
			buildSettings = {
				ASSETCATALOG_COMPILER_APPICON_NAME = AppIcon;
				CODE_SIGN_ENTITLEMENTS = CardsAgainstHumanity/CardsAgainstHumanity.entitlements;
				CODE_SIGN_STYLE = Automatic;
				COMBINE_HIDPI_IMAGES = YES;
				DEVELOPMENT_ASSET_PATHS = "\"CardsAgainstHumanity/Preview Content\"";
				ENABLE_PREVIEWS = YES;
				INFOPLIST_FILE = CardsAgainstHumanity/Info.plist;
				LD_RUNPATH_SEARCH_PATHS = (
					"$(inherited)",
					"@executable_path/../Frameworks",
				);
				MACOSX_DEPLOYMENT_TARGET = 10.15;
				PRODUCT_BUNDLE_IDENTIFIER = com.radixdlt.CardsAgainstHumanity;
				PRODUCT_NAME = "$(TARGET_NAME)";
				SWIFT_VERSION = 5.0;
			};
			name = Release;
		};
/* End XCBuildConfiguration section */

/* Begin XCConfigurationList section */
		E6CC8AE424768E2600D21278 /* Build configuration list for PBXProject "CardsAgainstHumanity" */ = {
			isa = XCConfigurationList;
			buildConfigurations = (
				E6CC8AFA24768E2800D21278 /* Debug */,
				E6CC8AFB24768E2800D21278 /* Release */,
			);
			defaultConfigurationIsVisible = 0;
			defaultConfigurationName = Release;
		};
		E6CC8AFC24768E2800D21278 /* Build configuration list for PBXNativeTarget "CardsAgainstHumanity" */ = {
			isa = XCConfigurationList;
			buildConfigurations = (
				E6CC8AFD24768E2800D21278 /* Debug */,
				E6CC8AFE24768E2800D21278 /* Release */,
			);
			defaultConfigurationIsVisible = 0;
			defaultConfigurationName = Release;
		};
/* End XCConfigurationList section */
	};
	rootObject = E6CC8AE124768E2600D21278 /* Project object */;
}
